{
  "name": "backend serviver",
  "lockfileVersion": 3,
  "requires": true,
  "packages": {
    "": {
      "dependencies": {
        "node_moudle": "file:node_moudle"
      }
    },
    "node_modules/node_moudle": {
      "resolved": "node_moudle",
      "link": true
    },
    "node_moudle": {
      "version": "1.0.0",
      "license": "ISC"
    }
  }
}
